
Microsoft Visual Studio Solution File, Format Version 11.00
# Visual Studio 2010
# SharpDevelop 4.4
Project("{FD48973F-F585-4F70-812B-4D0503B36CE9}") = "Fruit.oops", "Fruit.oops\Fruit.oops.pyproj", "{7078F775-0EDA-4A6E-8AA5-B2ADE749690E}"
EndProject
Global
	GlobalSection(SolutionConfigurationPlatforms) = preSolution
		Debug|Any CPU = Debug|Any CPU
		Release|Any CPU = Release|Any CPU
	EndGlobalSection
	GlobalSection(ProjectConfigurationPlatforms) = postSolution
		{7078F775-0EDA-4A6E-8AA5-B2ADE749690E}.Debug|Any CPU.Build.0 = Debug|Any CPU
		{7078F775-0EDA-4A6E-8AA5-B2ADE749690E}.Debug|Any CPU.ActiveCfg = Debug|Any CPU
		{7078F775-0EDA-4A6E-8AA5-B2ADE749690E}.Release|Any CPU.Build.0 = Release|Any CPU
		{7078F775-0EDA-4A6E-8AA5-B2ADE749690E}.Release|Any CPU.ActiveCfg = Release|Any CPU
	EndGlobalSection
EndGlobal
