
Microsoft Visual Studio Solution File, Format Version 11.00
# Visual Studio 2010
# SharpDevelop 4.4
Project("{FD48973F-F585-4F70-812B-4D0503B36CE9}") = "Prog52a", "Prog52a\Prog52a.pyproj", "{45D47C42-27FB-4101-8639-C24A8D11372A}"
EndProject
Global
	GlobalSection(SolutionConfigurationPlatforms) = preSolution
		Debug|Any CPU = Debug|Any CPU
		Release|Any CPU = Release|Any CPU
	EndGlobalSection
	GlobalSection(ProjectConfigurationPlatforms) = postSolution
		{45D47C42-27FB-4101-8639-C24A8D11372A}.Debug|Any CPU.Build.0 = Debug|Any CPU
		{45D47C42-27FB-4101-8639-C24A8D11372A}.Debug|Any CPU.ActiveCfg = Debug|Any CPU
		{45D47C42-27FB-4101-8639-C24A8D11372A}.Release|Any CPU.Build.0 = Release|Any CPU
		{45D47C42-27FB-4101-8639-C24A8D11372A}.Release|Any CPU.ActiveCfg = Release|Any CPU
	EndGlobalSection
EndGlobal
